
Microsoft Visual Studio Solution File, Format Version 12.00
# Visual Studio Version 17
VisualStudioVersion = 17.11.35431.28
MinimumVisualStudioVersion = 10.0.40219.1
Project("{9A19103F-16F7-4668-BE54-9A1E7A4F7556}") = "API", "API\API.csproj", "{A38B1D36-6634-4B2E-9CF5-900CAF839952}"
EndProject
Project("{9A19103F-16F7-4668-BE54-9A1E7A4F7556}") = "Tuco.Clases", "tuco.Clases\Tuco.Clases.csproj", "{90629A45-8636-4AB5-974A-06375C89A12D}"
EndProject
Project("{FAE04EC0-301F-11D3-BF4B-00C04F79EFBC}") = "GestionLlantera.Web", "GestionLlantera.Web\GestionLlantera.Web.csproj", "{84F9CE2C-38B0-4A61-9D09-A04D6B97353E}"
EndProject
Global
	GlobalSection(SolutionConfigurationPlatforms) = preSolution
		Debug|Any CPU = Debug|Any CPU
		Release|Any CPU = Release|Any CPU
	EndGlobalSection
	GlobalSection(ProjectConfigurationPlatforms) = postSolution
		{A38B1D36-6634-4B2E-9CF5-900CAF839952}.Debug|Any CPU.ActiveCfg = Debug|Any CPU
		{A38B1D36-6634-4B2E-9CF5-900CAF839952}.Debug|Any CPU.Build.0 = Debug|Any CPU
		{A38B1D36-6634-4B2E-9CF5-900CAF839952}.Release|Any CPU.ActiveCfg = Release|Any CPU
		{A38B1D36-6634-4B2E-9CF5-900CAF839952}.Release|Any CPU.Build.0 = Release|Any CPU
		{90629A45-8636-4AB5-974A-06375C89A12D}.Debug|Any CPU.ActiveCfg = Debug|Any CPU
		{90629A45-8636-4AB5-974A-06375C89A12D}.Debug|Any CPU.Build.0 = Debug|Any CPU
		{90629A45-8636-4AB5-974A-06375C89A12D}.Release|Any CPU.ActiveCfg = Release|Any CPU
		{90629A45-8636-4AB5-974A-06375C89A12D}.Release|Any CPU.Build.0 = Release|Any CPU
		{84F9CE2C-38B0-4A61-9D09-A04D6B97353E}.Debug|Any CPU.ActiveCfg = Debug|Any CPU
		{84F9CE2C-38B0-4A61-9D09-A04D6B97353E}.Debug|Any CPU.Build.0 = Debug|Any CPU
		{84F9CE2C-38B0-4A61-9D09-A04D6B97353E}.Release|Any CPU.ActiveCfg = Release|Any CPU
		{84F9CE2C-38B0-4A61-9D09-A04D6B97353E}.Release|Any CPU.Build.0 = Release|Any CPU
	EndGlobalSection
	GlobalSection(SolutionProperties) = preSolution
		HideSolutionNode = FALSE
	EndGlobalSection
	GlobalSection(ExtensibilityGlobals) = postSolution
		SolutionGuid = {8B8720A7-1FC6-4A55-82CF-971C1252FC85}
	EndGlobalSection
EndGlobal
